
Microsoft Visual Studio Solution File, Format Version 12.00
# Visual Studio Version 17
VisualStudioVersion = 17.1.32228.430
MinimumVisualStudioVersion = 10.0.40219.1
Project("{2150E333-8FDC-42A3-9474-1A3956D46DE8}") = "src", "src", "{8A1C0C20-91EE-4348-A8EA-114D09DE05E0}"
	ProjectSection(SolutionItems) = preProject
		docker-compose.yml = docker-compose.yml
	EndProjectSection
EndProject
Project("{2150E333-8FDC-42A3-9474-1A3956D46DE8}") = "Broker", "Broker", "{2A6EB1E6-5A7C-4732-99A2-0300916FA585}"
EndProject
Project("{9A19103F-16F7-4668-BE54-9A1E7A4F7556}") = "ReverseProxy", "Proxy\ReverseProxy.csproj", "{6F036BDD-0283-454B-8701-8198BDBA738B}"
EndProject
Project("{2150E333-8FDC-42A3-9474-1A3956D46DE8}") = "Shared", "Shared", "{3527F964-727A-460F-9148-9A7D7799E433}"
EndProject
Project("{9A19103F-16F7-4668-BE54-9A1E7A4F7556}") = "Shared.Infrastructure", "Shared\Shared.Infrastructure\Shared.Infrastructure.csproj", "{1884A9EB-DA76-450D-8646-2FB3F19F76A7}"
EndProject
Project("{9A19103F-16F7-4668-BE54-9A1E7A4F7556}") = "Shared.Core", "Shared\Shared.Core\Shared.Core.csproj", "{0CDC02BA-FA0C-4081-9CB1-976009E527A3}"
EndProject
Project("{2150E333-8FDC-42A3-9474-1A3956D46DE8}") = "Proxy", "Proxy", "{D1E949DF-445D-4218-B8BA-8FCA0DBFE1B6}"
EndProject
Project("{2150E333-8FDC-42A3-9474-1A3956D46DE8}") = "Solution Items", "Solution Items", "{62D5019E-0D20-4D0B-8ABB-78F97ED6DCC9}"
	ProjectSection(SolutionItems) = preProject
		.editorconfig = .editorconfig
		Directory.Build.props = Directory.Build.props
		stylecop.json = stylecop.json
		docker-compose.yml = docker-compose.yml
	EndProjectSection
EndProject
Project("{9A19103F-16F7-4668-BE54-9A1E7A4F7556}") = "Shared.DTOs", "Shared\Shared.DTOs\Shared.DTOs.csproj", "{3F6178C5-8E99-4A80-87F8-5FB061DA3994}"
EndProject
Project("{2150E333-8FDC-42A3-9474-1A3956D46DE8}") = "test", "test", "{A258BE23-32FA-46A7-A474-1E129040957D}"
EndProject
Project("{FAE04EC0-301F-11D3-BF4B-00C04F79EFBC}") = "Shared.Test", "..\..\test\Share.Test\Shared.Test.csproj", "{C79B3781-246E-4959-8E4D-1CE0C744162D}"
EndProject
Project("{FAE04EC0-301F-11D3-BF4B-00C04F79EFBC}") = "Broker.Domain", "Broker\Broker.Domain\Broker.Domain.csproj", "{1A85528E-5338-43D2-847C-8B25441E3C00}"
EndProject
Project("{FAE04EC0-301F-11D3-BF4B-00C04F79EFBC}") = "Broker.Application", "Broker\Broker.Application\Broker.Application.csproj", "{35CB5BEC-74A9-4C3F-AED6-86876D1D866B}"
EndProject
Project("{FAE04EC0-301F-11D3-BF4B-00C04F79EFBC}") = "Broker.Infrastructure", "Broker\Broker.Infrastructure\Broker.Infrastructure.csproj", "{2D0DD775-A2E0-47A9-A320-A3A58B74F41C}"
EndProject
Project("{FAE04EC0-301F-11D3-BF4B-00C04F79EFBC}") = "Broker.Interface", "Broker\Broker.Interface\Broker.Interface.csproj", "{E5F19129-31FC-4337-8378-6A3837A9AEBB}"
EndProject
Project("{2150E333-8FDC-42A3-9474-1A3956D46DE8}") = "Simulator", "Simulator", "{773325AA-C60A-4B6D-91F9-BA023B87CFBF}"
EndProject
Project("{FAE04EC0-301F-11D3-BF4B-00C04F79EFBC}") = "PLC Simulator", "PLC Simulator\PLC Simulator.csproj", "{C965DC58-46DC-457A-8CD8-DD8AE8617D97}"
EndProject
Project("{FAE04EC0-301F-11D3-BF4B-00C04F79EFBC}") = "Shared.Interface", "Shared\Share.Interface\Shared.Interface\Shared.Interface.csproj", "{8CBEDD60-0B51-470E-90FB-E90C9D58BBED}"
EndProject
Project("{2150E333-8FDC-42A3-9474-1A3956D46DE8}") = "Broker", "Broker", "{04819A89-A887-407E-9A0E-2740F63A59FB}"
EndProject
Project("{FAE04EC0-301F-11D3-BF4B-00C04F79EFBC}") = "Broker.IntegrationTests", "..\..\test\Broker.IntegrationTests\Broker.IntegrationTests.csproj", "{52C9D2F4-89C9-45DB-8C0A-78CB60586C20}"
EndProject
Project("{FAE04EC0-301F-11D3-BF4B-00C04F79EFBC}") = "Broker.UnitTests", "..\..\test\Broker.UnitTests\Broker.UnitTests.csproj", "{CCF11DE1-448D-4BA7-87F2-20F68CFAEA7A}"
EndProject
Global
	GlobalSection(SolutionConfigurationPlatforms) = preSolution
		Debug|Any CPU = Debug|Any CPU
		Release|Any CPU = Release|Any CPU
	EndGlobalSection
	GlobalSection(ProjectConfigurationPlatforms) = postSolution
		{6F036BDD-0283-454B-8701-8198BDBA738B}.Debug|Any CPU.ActiveCfg = Debug|Any CPU
		{6F036BDD-0283-454B-8701-8198BDBA738B}.Debug|Any CPU.Build.0 = Debug|Any CPU
		{6F036BDD-0283-454B-8701-8198BDBA738B}.Release|Any CPU.ActiveCfg = Release|Any CPU
		{6F036BDD-0283-454B-8701-8198BDBA738B}.Release|Any CPU.Build.0 = Release|Any CPU
		{1884A9EB-DA76-450D-8646-2FB3F19F76A7}.Debug|Any CPU.ActiveCfg = Debug|Any CPU
		{1884A9EB-DA76-450D-8646-2FB3F19F76A7}.Debug|Any CPU.Build.0 = Debug|Any CPU
		{1884A9EB-DA76-450D-8646-2FB3F19F76A7}.Release|Any CPU.ActiveCfg = Release|Any CPU
		{1884A9EB-DA76-450D-8646-2FB3F19F76A7}.Release|Any CPU.Build.0 = Release|Any CPU
		{0CDC02BA-FA0C-4081-9CB1-976009E527A3}.Debug|Any CPU.ActiveCfg = Debug|Any CPU
		{0CDC02BA-FA0C-4081-9CB1-976009E527A3}.Debug|Any CPU.Build.0 = Debug|Any CPU
		{0CDC02BA-FA0C-4081-9CB1-976009E527A3}.Release|Any CPU.ActiveCfg = Release|Any CPU
		{0CDC02BA-FA0C-4081-9CB1-976009E527A3}.Release|Any CPU.Build.0 = Release|Any CPU
		{3F6178C5-8E99-4A80-87F8-5FB061DA3994}.Debug|Any CPU.ActiveCfg = Debug|Any CPU
		{3F6178C5-8E99-4A80-87F8-5FB061DA3994}.Debug|Any CPU.Build.0 = Debug|Any CPU
		{3F6178C5-8E99-4A80-87F8-5FB061DA3994}.Release|Any CPU.ActiveCfg = Release|Any CPU
		{3F6178C5-8E99-4A80-87F8-5FB061DA3994}.Release|Any CPU.Build.0 = Release|Any CPU
		{C79B3781-246E-4959-8E4D-1CE0C744162D}.Debug|Any CPU.ActiveCfg = Debug|Any CPU
		{C79B3781-246E-4959-8E4D-1CE0C744162D}.Debug|Any CPU.Build.0 = Debug|Any CPU
		{C79B3781-246E-4959-8E4D-1CE0C744162D}.Release|Any CPU.ActiveCfg = Release|Any CPU
		{C79B3781-246E-4959-8E4D-1CE0C744162D}.Release|Any CPU.Build.0 = Release|Any CPU
		{1A85528E-5338-43D2-847C-8B25441E3C00}.Debug|Any CPU.ActiveCfg = Debug|Any CPU
		{1A85528E-5338-43D2-847C-8B25441E3C00}.Debug|Any CPU.Build.0 = Debug|Any CPU
		{1A85528E-5338-43D2-847C-8B25441E3C00}.Release|Any CPU.ActiveCfg = Release|Any CPU
		{1A85528E-5338-43D2-847C-8B25441E3C00}.Release|Any CPU.Build.0 = Release|Any CPU
		{35CB5BEC-74A9-4C3F-AED6-86876D1D866B}.Debug|Any CPU.ActiveCfg = Debug|Any CPU
		{35CB5BEC-74A9-4C3F-AED6-86876D1D866B}.Debug|Any CPU.Build.0 = Debug|Any CPU
		{35CB5BEC-74A9-4C3F-AED6-86876D1D866B}.Release|Any CPU.ActiveCfg = Release|Any CPU
		{35CB5BEC-74A9-4C3F-AED6-86876D1D866B}.Release|Any CPU.Build.0 = Release|Any CPU
		{2D0DD775-A2E0-47A9-A320-A3A58B74F41C}.Debug|Any CPU.ActiveCfg = Debug|Any CPU
		{2D0DD775-A2E0-47A9-A320-A3A58B74F41C}.Debug|Any CPU.Build.0 = Debug|Any CPU
		{2D0DD775-A2E0-47A9-A320-A3A58B74F41C}.Release|Any CPU.ActiveCfg = Release|Any CPU
		{2D0DD775-A2E0-47A9-A320-A3A58B74F41C}.Release|Any CPU.Build.0 = Release|Any CPU
		{E5F19129-31FC-4337-8378-6A3837A9AEBB}.Debug|Any CPU.ActiveCfg = Debug|Any CPU
		{E5F19129-31FC-4337-8378-6A3837A9AEBB}.Debug|Any CPU.Build.0 = Debug|Any CPU
		{E5F19129-31FC-4337-8378-6A3837A9AEBB}.Release|Any CPU.ActiveCfg = Release|Any CPU
		{E5F19129-31FC-4337-8378-6A3837A9AEBB}.Release|Any CPU.Build.0 = Release|Any CPU
		{C965DC58-46DC-457A-8CD8-DD8AE8617D97}.Debug|Any CPU.ActiveCfg = Debug|Any CPU
		{C965DC58-46DC-457A-8CD8-DD8AE8617D97}.Debug|Any CPU.Build.0 = Debug|Any CPU
		{C965DC58-46DC-457A-8CD8-DD8AE8617D97}.Release|Any CPU.ActiveCfg = Release|Any CPU
		{C965DC58-46DC-457A-8CD8-DD8AE8617D97}.Release|Any CPU.Build.0 = Release|Any CPU
		{8CBEDD60-0B51-470E-90FB-E90C9D58BBED}.Debug|Any CPU.ActiveCfg = Debug|Any CPU
		{8CBEDD60-0B51-470E-90FB-E90C9D58BBED}.Debug|Any CPU.Build.0 = Debug|Any CPU
		{8CBEDD60-0B51-470E-90FB-E90C9D58BBED}.Release|Any CPU.ActiveCfg = Release|Any CPU
		{8CBEDD60-0B51-470E-90FB-E90C9D58BBED}.Release|Any CPU.Build.0 = Release|Any CPU
		{52C9D2F4-89C9-45DB-8C0A-78CB60586C20}.Debug|Any CPU.ActiveCfg = Debug|Any CPU
		{52C9D2F4-89C9-45DB-8C0A-78CB60586C20}.Debug|Any CPU.Build.0 = Debug|Any CPU
		{52C9D2F4-89C9-45DB-8C0A-78CB60586C20}.Release|Any CPU.ActiveCfg = Release|Any CPU
		{52C9D2F4-89C9-45DB-8C0A-78CB60586C20}.Release|Any CPU.Build.0 = Release|Any CPU
		{CCF11DE1-448D-4BA7-87F2-20F68CFAEA7A}.Debug|Any CPU.ActiveCfg = Debug|Any CPU
		{CCF11DE1-448D-4BA7-87F2-20F68CFAEA7A}.Debug|Any CPU.Build.0 = Debug|Any CPU
		{CCF11DE1-448D-4BA7-87F2-20F68CFAEA7A}.Release|Any CPU.ActiveCfg = Release|Any CPU
		{CCF11DE1-448D-4BA7-87F2-20F68CFAEA7A}.Release|Any CPU.Build.0 = Release|Any CPU
	EndGlobalSection
	GlobalSection(SolutionProperties) = preSolution
		HideSolutionNode = FALSE
	EndGlobalSection
	GlobalSection(NestedProjects) = preSolution
		{2A6EB1E6-5A7C-4732-99A2-0300916FA585} = {8A1C0C20-91EE-4348-A8EA-114D09DE05E0}
		{6F036BDD-0283-454B-8701-8198BDBA738B} = {D1E949DF-445D-4218-B8BA-8FCA0DBFE1B6}
		{3527F964-727A-460F-9148-9A7D7799E433} = {8A1C0C20-91EE-4348-A8EA-114D09DE05E0}
		{1884A9EB-DA76-450D-8646-2FB3F19F76A7} = {3527F964-727A-460F-9148-9A7D7799E433}
		{0CDC02BA-FA0C-4081-9CB1-976009E527A3} = {3527F964-727A-460F-9148-9A7D7799E433}
		{D1E949DF-445D-4218-B8BA-8FCA0DBFE1B6} = {8A1C0C20-91EE-4348-A8EA-114D09DE05E0}
		{3F6178C5-8E99-4A80-87F8-5FB061DA3994} = {3527F964-727A-460F-9148-9A7D7799E433}
		{C79B3781-246E-4959-8E4D-1CE0C744162D} = {A258BE23-32FA-46A7-A474-1E129040957D}
		{1A85528E-5338-43D2-847C-8B25441E3C00} = {2A6EB1E6-5A7C-4732-99A2-0300916FA585}
		{35CB5BEC-74A9-4C3F-AED6-86876D1D866B} = {2A6EB1E6-5A7C-4732-99A2-0300916FA585}
		{2D0DD775-A2E0-47A9-A320-A3A58B74F41C} = {2A6EB1E6-5A7C-4732-99A2-0300916FA585}
		{E5F19129-31FC-4337-8378-6A3837A9AEBB} = {2A6EB1E6-5A7C-4732-99A2-0300916FA585}
		{773325AA-C60A-4B6D-91F9-BA023B87CFBF} = {8A1C0C20-91EE-4348-A8EA-114D09DE05E0}
		{C965DC58-46DC-457A-8CD8-DD8AE8617D97} = {773325AA-C60A-4B6D-91F9-BA023B87CFBF}
		{8CBEDD60-0B51-470E-90FB-E90C9D58BBED} = {3527F964-727A-460F-9148-9A7D7799E433}
		{04819A89-A887-407E-9A0E-2740F63A59FB} = {A258BE23-32FA-46A7-A474-1E129040957D}
		{52C9D2F4-89C9-45DB-8C0A-78CB60586C20} = {04819A89-A887-407E-9A0E-2740F63A59FB}
		{CCF11DE1-448D-4BA7-87F2-20F68CFAEA7A} = {04819A89-A887-407E-9A0E-2740F63A59FB}
	EndGlobalSection
	GlobalSection(ExtensibilityGlobals) = postSolution
		SolutionGuid = {470B6C9A-5A3C-4ADA-B916-03AF3F25003D}
	EndGlobalSection
EndGlobal
